# This file is automatically @generated by Poetry 1.8.3 and should not be changed by hand.

[[package]]
name = "pysonar-scanner"
version = "0.2.0.520"
description = "Sonar Scanner for the Python Ecosystem"
optional = false
python-versions = ">=3.8"
files = [
    {file = "pysonar_scanner-0.2.0.520-py3-none-any.whl", hash = "sha256:73c6a594fd7b8ae98841a6314f66ae838133276a320299f2a2316999c8216fff"},
    {file = "pysonar_scanner-0.2.0.520.tar.gz", hash = "sha256:499989f5d85f0b6dabee52870eb1d5613de1b83bfffec7084f61a5c181cb084e"},
]

[package.dependencies]
toml = ">=0.10.2"

[[package]]
name = "toml"
version = "0.10.2"
description = "Python Library for Tom's Obvious, Minimal Language"
optional = false
python-versions = ">=2.6, !=3.0.*, !=3.1.*, !=3.2.*"
files = [
    {file = "toml-0.10.2-py2.py3-none-any.whl", hash = "sha256:806143ae5bfb6a3c6e736a764057db0e6a0e05e338b5630894a5f779cabb4f9b"},
    {file = "toml-0.10.2.tar.gz", hash = "sha256:b3bda1d108d5dd99f4a20d24d9c348e91c4db7ab1b749200bded2f839ccbe68f"},
]

[metadata]
lock-version = "2.0"
python-versions = "^3.9"
content-hash = "6fa9faf632e4317a1ef641a1ef081c85b8e92fba7940fe08bb0e50a3752c2fc8"
